// !$*UTF8*$!
{
	archiveVersion = 1;
	classes = {
	};
	objectVersion = 45;
	objects = {

/* Begin PBXBuildFile section */
		1130822712D907B1009C9502 /* MiniBossGeneral.m in Sources */ = {isa = PBXBuildFile; fileRef = 1130822612D907B1009C9502 /* MiniBossGeneral.m */; };
		1130822A12D907CD009C9502 /* BossShipAsia.m in Sources */ = {isa = PBXBuildFile; fileRef = 1130822912D907CD009C9502 /* BossShipAsia.m */; };
		11336113129E54F300FE6A03 /* BossShips.plist in Resources */ = {isa = PBXBuildFile; fileRef = 11336112129E54F300FE6A03 /* BossShips.plist */; };
		114A1A7412989C4B004769D4 /* PlayerShips.plist in Resources */ = {isa = PBXBuildFile; fileRef = 114A1A7312989C4B004769D4 /* PlayerShips.plist */; };
		1164A6F612D29F7400B21071 /* kEnemyKamikazeeLevelOne.png in Resources */ = {isa = PBXBuildFile; fileRef = 1164A6F412D29F7400B21071 /* kEnemyKamikazeeLevelOne.png */; };
		1164A6F712D29F7400B21071 /* kEnemyWaveShotLevelFourSpriteSheet.png in Resources */ = {isa = PBXBuildFile; fileRef = 1164A6F512D29F7400B21071 /* kEnemyWaveShotLevelFourSpriteSheet.png */; };
		1169BA8213ABF7F1005FA11F /* Level_One.plist in Resources */ = {isa = PBXBuildFile; fileRef = 1169BA8113ABF7F1005FA11F /* Level_One.plist */; };
		1169BA8513ABFBEC005FA11F /* GameLevelScene.m in Sources */ = {isa = PBXBuildFile; fileRef = 1169BA8413ABFBEC005FA11F /* GameLevelScene.m */; };
		1169BA8713ABFFF2005FA11F /* LevelsIndex.plist in Resources */ = {isa = PBXBuildFile; fileRef = 1169BA8613ABFFF2005FA11F /* LevelsIndex.plist */; };
		1170E3AC12865A18000BF968 /* CoreMotion.framework in Frameworks */ = {isa = PBXBuildFile; fileRef = 1170E3AB12865A18000BF968 /* CoreMotion.framework */; };
		1170E418128A1741000BF968 /* EnemyShip.m in Sources */ = {isa = PBXBuildFile; fileRef = 1170E417128A1741000BF968 /* EnemyShip.m */; };
		1170EC68126FCB7E00721CF4 /* AudioToolbox.framework in Frameworks */ = {isa = PBXBuildFile; fileRef = 1170EC67126FCB7E00721CF4 /* AudioToolbox.framework */; };
		1170EC6A126FCB7E00721CF4 /* AVFoundation.framework in Frameworks */ = {isa = PBXBuildFile; fileRef = 1170EC69126FCB7E00721CF4 /* AVFoundation.framework */; };
		1170EC6C126FCB7E00721CF4 /* CoreAudio.framework in Frameworks */ = {isa = PBXBuildFile; fileRef = 1170EC6B126FCB7E00721CF4 /* CoreAudio.framework */; };
		1170EC6E126FCB7E00721CF4 /* CoreGraphics.framework in Frameworks */ = {isa = PBXBuildFile; fileRef = 1170EC6D126FCB7E00721CF4 /* CoreGraphics.framework */; };
		1170EC70126FCB7E00721CF4 /* CoreLocation.framework in Frameworks */ = {isa = PBXBuildFile; fileRef = 1170EC6F126FCB7E00721CF4 /* CoreLocation.framework */; };
		1170EC72126FCB7E00721CF4 /* CoreMotion.framework in Frameworks */ = {isa = PBXBuildFile; fileRef = 1170EC71126FCB7E00721CF4 /* CoreMotion.framework */; };
		1170EC74126FCB7E00721CF4 /* OpenAL.framework in Frameworks */ = {isa = PBXBuildFile; fileRef = 1170EC73126FCB7E00721CF4 /* OpenAL.framework */; };
		1170ED45127012DD00721CF4 /* XenophobeGameController.m in Sources */ = {isa = PBXBuildFile; fileRef = 1170ED44127012DD00721CF4 /* XenophobeGameController.m */; };
		118C4B6A12CDA5D50095B3D4 /* Collisions.m in Sources */ = {isa = PBXBuildFile; fileRef = 118C4B6712CDA5D50095B3D4 /* Collisions.m */; };
		118C4B6B12CDA5D50095B3D4 /* Polygon.m in Sources */ = {isa = PBXBuildFile; fileRef = 118C4B6912CDA5D50095B3D4 /* Polygon.m */; };
		119FCF01129B528C00D3256A /* EnemyShips.plist in Resources */ = {isa = PBXBuildFile; fileRef = 119FCF00129B528C00D3256A /* EnemyShips.plist */; };
		11B1B8CF1276B53B006D085D /* SettingsScene.m in Sources */ = {isa = PBXBuildFile; fileRef = 11B1B8CE1276B53B006D085D /* SettingsScene.m */; };
		11B1BBCA127A64E0006D085D /* HighScoresScene.m in Sources */ = {isa = PBXBuildFile; fileRef = 11B1BBC9127A64E0006D085D /* HighScoresScene.m */; };
		11B1BBD8127AAB1A006D085D /* PreferencesManager.m in Sources */ = {isa = PBXBuildFile; fileRef = 11B1BBD7127AAB1A006D085D /* PreferencesManager.m */; };
		11B1BC6C127D14E4006D085D /* preferences.sqlite in Resources */ = {isa = PBXBuildFile; fileRef = 11B1BC6B127D14E4006D085D /* preferences.sqlite */; };
		11B1BC78127D1C83006D085D /* main.m in Sources */ = {isa = PBXBuildFile; fileRef = 11B1BC76127D1C83006D085D /* main.m */; };
		11B1BD5E12822445006D085D /* AbstractControl.m in Sources */ = {isa = PBXBuildFile; fileRef = 11B1BD5B12822445006D085D /* AbstractControl.m */; };
		11B1BD5F12822445006D085D /* MenuControl.m in Sources */ = {isa = PBXBuildFile; fileRef = 11B1BD5D12822445006D085D /* MenuControl.m */; };
		11B1BD86128275C8006D085D /* AbstractShip.m in Sources */ = {isa = PBXBuildFile; fileRef = 11B1BD7F128275C8006D085D /* AbstractShip.m */; };
		11B1BD87128275C8006D085D /* BossShip.m in Sources */ = {isa = PBXBuildFile; fileRef = 11B1BD81128275C8006D085D /* BossShip.m */; };
		11B1BD89128275C8006D085D /* PlayerShip.m in Sources */ = {isa = PBXBuildFile; fileRef = 11B1BD85128275C8006D085D /* PlayerShip.m */; };
		11B1BE091283C662006D085D /* xenophobefont.fnt in Resources */ = {isa = PBXBuildFile; fileRef = 11B1BE071283C662006D085D /* xenophobefont.fnt */; };
		11B1BE0A1283C662006D085D /* xenophobefont.png in Resources */ = {isa = PBXBuildFile; fileRef = 11B1BE081283C662006D085D /* xenophobefont.png */; };
		11B1BE0D1283C69C006D085D /* GameScene.m in Sources */ = {isa = PBXBuildFile; fileRef = 11B1BE0C1283C69C006D085D /* GameScene.m */; };
		11BE519312B297080043B786 /* GameObject.m in Sources */ = {isa = PBXBuildFile; fileRef = 11BE519212B297080043B786 /* GameObject.m */; };
		11BE519912B29CD40043B786 /* PhysicalObject.m in Sources */ = {isa = PBXBuildFile; fileRef = 11BE519812B29CD40043B786 /* PhysicalObject.m */; };
		11CF774313A96F8D00D9FF4C /* HealthBar.png in Resources */ = {isa = PBXBuildFile; fileRef = 11CF774213A96F8D00D9FF4C /* HealthBar.png */; };
		11D3246812739BB400F01BB5 /* Animation.m in Sources */ = {isa = PBXBuildFile; fileRef = 11D3246512739BB400F01BB5 /* Animation.m */; };
		11D3246912739BB400F01BB5 /* Frame.m in Sources */ = {isa = PBXBuildFile; fileRef = 11D3246712739BB400F01BB5 /* Frame.m */; };
		11D3246C12739BBF00F01BB5 /* Texture2D.m in Sources */ = {isa = PBXBuildFile; fileRef = 11D3246B12739BBF00F01BB5 /* Texture2D.m */; };
		11D3246F12739BCB00F01BB5 /* BezierCurve.m in Sources */ = {isa = PBXBuildFile; fileRef = 11D3246E12739BCB00F01BB5 /* BezierCurve.m */; };
		11D3247212739BD900F01BB5 /* ParticleEmitter.m in Sources */ = {isa = PBXBuildFile; fileRef = 11D3247112739BD900F01BB5 /* ParticleEmitter.m */; };
		11D3247912739BED00F01BB5 /* Layer.m in Sources */ = {isa = PBXBuildFile; fileRef = 11D3247412739BED00F01BB5 /* Layer.m */; };
		11D3247A12739BED00F01BB5 /* TiledMap.m in Sources */ = {isa = PBXBuildFile; fileRef = 11D3247612739BED00F01BB5 /* TiledMap.m */; };
		11D3247B12739BED00F01BB5 /* TileSet.m in Sources */ = {isa = PBXBuildFile; fileRef = 11D3247812739BED00F01BB5 /* TileSet.m */; };
		11D3248512739BFC00F01BB5 /* Image.m in Sources */ = {isa = PBXBuildFile; fileRef = 11D3248412739BFC00F01BB5 /* Image.m */; };
		11D3248812739C0900F01BB5 /* SpriteSheet.m in Sources */ = {isa = PBXBuildFile; fileRef = 11D3248712739C0900F01BB5 /* SpriteSheet.m */; };
		11D3248D12739C1400F01BB5 /* AngelCodeFont.m in Sources */ = {isa = PBXBuildFile; fileRef = 11D3248A12739C1400F01BB5 /* AngelCodeFont.m */; };
		11D3248E12739C1400F01BB5 /* CharDef.m in Sources */ = {isa = PBXBuildFile; fileRef = 11D3248C12739C1400F01BB5 /* CharDef.m */; };
		11D324A112739C6600F01BB5 /* DDXMLDocument.m in Sources */ = {isa = PBXBuildFile; fileRef = 11D3249512739C6600F01BB5 /* DDXMLDocument.m */; };
		11D324A212739C6600F01BB5 /* DDXMLElement.m in Sources */ = {isa = PBXBuildFile; fileRef = 11D3249712739C6600F01BB5 /* DDXMLElement.m */; };
		11D324A312739C6600F01BB5 /* DDXMLElementAdditions.m in Sources */ = {isa = PBXBuildFile; fileRef = 11D3249912739C6600F01BB5 /* DDXMLElementAdditions.m */; };
		11D324A412739C6600F01BB5 /* DDXMLNode.m in Sources */ = {isa = PBXBuildFile; fileRef = 11D3249B12739C6600F01BB5 /* DDXMLNode.m */; };
		11D324A612739C6600F01BB5 /* NSStringAdditions.m in Sources */ = {isa = PBXBuildFile; fileRef = 11D324A012739C6600F01BB5 /* NSStringAdditions.m */; };
		11D324C612739CEF00F01BB5 /* Transforms.m in Sources */ = {isa = PBXBuildFile; fileRef = 11D324C512739CEF00F01BB5 /* Transforms.m */; };
		11D324CB12739D6600F01BB5 /* MyOpenALSupport.c in Sources */ = {isa = PBXBuildFile; fileRef = 11D324C712739D6600F01BB5 /* MyOpenALSupport.c */; };
		11D324CC12739D6600F01BB5 /* SoundManager.m in Sources */ = {isa = PBXBuildFile; fileRef = 11D324CA12739D6600F01BB5 /* SoundManager.m */; };
		11D324D812739D7900F01BB5 /* Director.m in Sources */ = {isa = PBXBuildFile; fileRef = 11D324D412739D7900F01BB5 /* Director.m */; };
		11D324D912739D7900F01BB5 /* ResourceManager.m in Sources */ = {isa = PBXBuildFile; fileRef = 11D324D612739D7900F01BB5 /* ResourceManager.m */; };
		11D324E812739DBD00F01BB5 /* AbstractScene.m in Sources */ = {isa = PBXBuildFile; fileRef = 11D324E512739DBD00F01BB5 /* AbstractScene.m */; };
		11D324E912739DBD00F01BB5 /* MainMenuScene.m in Sources */ = {isa = PBXBuildFile; fileRef = 11D324E712739DBD00F01BB5 /* MainMenuScene.m */; };
		11D325171273BF7900F01BB5 /* libsqlite3.0.dylib in Frameworks */ = {isa = PBXBuildFile; fileRef = 11D325161273BF7900F01BB5 /* libsqlite3.0.dylib */; };
		11D72CCD13557E7500C6C99A /* libz.dylib in Frameworks */ = {isa = PBXBuildFile; fileRef = 11D72CCC13557E7500C6C99A /* libz.dylib */; };
		11DE0F2A12CE6A9500A3F7CA /* devship.png in Resources */ = {isa = PBXBuildFile; fileRef = 11DE0F2912CE6A9500A3F7CA /* devship.png */; };
		11E7DCEF129F00D90047E2FD /* kBossAsiaCannonLeft.png in Resources */ = {isa = PBXBuildFile; fileRef = 11E7DCE5129F00D90047E2FD /* kBossAsiaCannonLeft.png */; };
		11E7DCF0129F00D90047E2FD /* kBossAsiaCannonRight.png in Resources */ = {isa = PBXBuildFile; fileRef = 11E7DCE6129F00D90047E2FD /* kBossAsiaCannonRight.png */; };
		11E7DCF1129F00D90047E2FD /* kBossAsiaMainBody.png in Resources */ = {isa = PBXBuildFile; fileRef = 11E7DCE7129F00D90047E2FD /* kBossAsiaMainBody.png */; };
		11E7DCF2129F00D90047E2FD /* kBossAsiaTurretLeft.png in Resources */ = {isa = PBXBuildFile; fileRef = 11E7DCE8129F00D90047E2FD /* kBossAsiaTurretLeft.png */; };
		11E7DCF3129F00D90047E2FD /* kBossAsiaTurretRight.png in Resources */ = {isa = PBXBuildFile; fileRef = 11E7DCE9129F00D90047E2FD /* kBossAsiaTurretRight.png */; };
		11E7DCF4129F00D90047E2FD /* kBossEuropeMainBody.png in Resources */ = {isa = PBXBuildFile; fileRef = 11E7DCEA129F00D90047E2FD /* kBossEuropeMainBody.png */; };
		11E7DCF5129F00D90047E2FD /* kBossEuropeTailLeft.png in Resources */ = {isa = PBXBuildFile; fileRef = 11E7DCEB129F00D90047E2FD /* kBossEuropeTailLeft.png */; };
		11E7DCF6129F00D90047E2FD /* kBossEuropeTailRight.png in Resources */ = {isa = PBXBuildFile; fileRef = 11E7DCEC129F00D90047E2FD /* kBossEuropeTailRight.png */; };
		11E7DCF7129F00D90047E2FD /* kBossEuropeWingLeft.png in Resources */ = {isa = PBXBuildFile; fileRef = 11E7DCED129F00D90047E2FD /* kBossEuropeWingLeft.png */; };
		11E7DCF8129F00D90047E2FD /* kBossEuropeWingRight.png in Resources */ = {isa = PBXBuildFile; fileRef = 11E7DCEE129F00D90047E2FD /* kBossEuropeWingRight.png */; };
		11F3275712A0D8D5003CF17B /* about.png in Resources */ = {isa = PBXBuildFile; fileRef = 11F3274312A0D8D5003CF17B /* about.png */; };
		11F3275812A0D8D5003CF17B /* backbutton.png in Resources */ = {isa = PBXBuildFile; fileRef = 11F3274412A0D8D5003CF17B /* backbutton.png */; };
		11F3275912A0D8D5003CF17B /* continue.png in Resources */ = {isa = PBXBuildFile; fileRef = 11F3274512A0D8D5003CF17B /* continue.png */; };
		11F3275C12A0D8D5003CF17B /* forwardbutton.png in Resources */ = {isa = PBXBuildFile; fileRef = 11F3274812A0D8D5003CF17B /* forwardbutton.png */; };
		11F3275D12A0D8D5003CF17B /* highscores.png in Resources */ = {isa = PBXBuildFile; fileRef = 11F3274912A0D8D5003CF17B /* highscores.png */; };
		11F3275E12A0D8D5003CF17B /* highscoresbuttonalltime.png in Resources */ = {isa = PBXBuildFile; fileRef = 11F3274A12A0D8D5003CF17B /* highscoresbuttonalltime.png */; };
		11F3275F12A0D8D5003CF17B /* highscoresbuttonalltimeglow.png in Resources */ = {isa = PBXBuildFile; fileRef = 11F3274B12A0D8D5003CF17B /* highscoresbuttonalltimeglow.png */; };
		11F3276012A0D8D5003CF17B /* highscoresbuttontoday.png in Resources */ = {isa = PBXBuildFile; fileRef = 11F3274C12A0D8D5003CF17B /* highscoresbuttontoday.png */; };
		11F3276112A0D8D5003CF17B /* highscoresbuttontodayglow.png in Resources */ = {isa = PBXBuildFile; fileRef = 11F3274D12A0D8D5003CF17B /* highscoresbuttontodayglow.png */; };
		11F3276212A0D8D5003CF17B /* highscoresbuttonweek.png in Resources */ = {isa = PBXBuildFile; fileRef = 11F3274E12A0D8D5003CF17B /* highscoresbuttonweek.png */; };
		11F3276312A0D8D5003CF17B /* highscoresbuttonweekglow.png in Resources */ = {isa = PBXBuildFile; fileRef = 11F3274F12A0D8D5003CF17B /* highscoresbuttonweekglow.png */; };
		11F3276412A0D8D5003CF17B /* highscorestable.png in Resources */ = {isa = PBXBuildFile; fileRef = 11F3275012A0D8D5003CF17B /* highscorestable.png */; };
		11F3276512A0D8D5003CF17B /* leaderboardstitle.png in Resources */ = {isa = PBXBuildFile; fileRef = 11F3275112A0D8D5003CF17B /* leaderboardstitle.png */; };
		11F3276612A0D8D5003CF17B /* newgame.png in Resources */ = {isa = PBXBuildFile; fileRef = 11F3275212A0D8D5003CF17B /* newgame.png */; };
		11F3276712A0D8D5003CF17B /* playership.png in Resources */ = {isa = PBXBuildFile; fileRef = 11F3275312A0D8D5003CF17B /* playership.png */; };
		11F3276812A0D8D5003CF17B /* settings.png in Resources */ = {isa = PBXBuildFile; fileRef = 11F3275412A0D8D5003CF17B /* settings.png */; };
		11F3276912A0D8D5003CF17B /* texture.png in Resources */ = {isa = PBXBuildFile; fileRef = 11F3275512A0D8D5003CF17B /* texture.png */; };
		11F3276A12A0D8D5003CF17B /* xenophobe.png in Resources */ = {isa = PBXBuildFile; fileRef = 11F3275612A0D8D5003CF17B /* xenophobe.png */; };
		11F3277A12A4BF22003CF17B /* GameKit.framework in Frameworks */ = {isa = PBXBuildFile; fileRef = 11F3277912A4BF22003CF17B /* GameKit.framework */; };
		1D3623260D0F684500981E51 /* XenophobeAppDelegate.m in Sources */ = {isa = PBXBuildFile; fileRef = 1D3623250D0F684500981E51 /* XenophobeAppDelegate.m */; };
		1D60589F0D05DD5A006BFB54 /* Foundation.framework in Frameworks */ = {isa = PBXBuildFile; fileRef = 1D30AB110D05D00D00671497 /* Foundation.framework */; };
		1DF5F4E00D08C38300B7A737 /* UIKit.framework in Frameworks */ = {isa = PBXBuildFile; fileRef = 1DF5F4DF0D08C38300B7A737 /* UIKit.framework */; };
		28FD14FE0DC6FC130079059D /* EAGLView.m in Sources */ = {isa = PBXBuildFile; fileRef = 28FD14FD0DC6FC130079059D /* EAGLView.m */; };
		28FD15000DC6FC520079059D /* OpenGLES.framework in Frameworks */ = {isa = PBXBuildFile; fileRef = 28FD14FF0DC6FC520079059D /* OpenGLES.framework */; };
		28FD15080DC6FC5B0079059D /* QuartzCore.framework in Frameworks */ = {isa = PBXBuildFile; fileRef = 28FD15070DC6FC5B0079059D /* QuartzCore.framework */; };
		B963267A12DD392E00FA1BA1 /* Projectiles.plist in Resources */ = {isa = PBXBuildFile; fileRef = B963267912DD392E00FA1BA1 /* Projectiles.plist */; };
		B97A805612C964AD005FBB61 /* AbstractProjectile.m in Sources */ = {isa = PBXBuildFile; fileRef = B97A805512C964AD005FBB61 /* AbstractProjectile.m */; };
/* End PBXBuildFile section */

/* Begin PBXFileReference section */
		1130822512D907B1009C9502 /* MiniBossGeneral.h */ = {isa = PBXFileReference; fileEncoding = 4; lastKnownFileType = sourcecode.c.h; name = MiniBossGeneral.h; path = Entities/Ships/MiniBosses/MiniBossGeneral.h; sourceTree = "<group>"; };
		1130822612D907B1009C9502 /* MiniBossGeneral.m */ = {isa = PBXFileReference; fileEncoding = 4; lastKnownFileType = sourcecode.c.objc; name = MiniBossGeneral.m; path = Entities/Ships/MiniBosses/MiniBossGeneral.m; sourceTree = "<group>"; };
		1130822812D907CD009C9502 /* BossShipAsia.h */ = {isa = PBXFileReference; fileEncoding = 4; lastKnownFileType = sourcecode.c.h; name = BossShipAsia.h; path = Entities/Ships/Bosses/BossShipAsia.h; sourceTree = "<group>"; };
		1130822912D907CD009C9502 /* BossShipAsia.m */ = {isa = PBXFileReference; fileEncoding = 4; lastKnownFileType = sourcecode.c.objc; name = BossShipAsia.m; path = Entities/Ships/Bosses/BossShipAsia.m; sourceTree = "<group>"; };
		11336112129E54F300FE6A03 /* BossShips.plist */ = {isa = PBXFileReference; fileEncoding = 4; lastKnownFileType = text.plist.xml; name = BossShips.plist; path = "Game Resources/BossShips.plist"; sourceTree = SOURCE_ROOT; };
		114A1A7312989C4B004769D4 /* PlayerShips.plist */ = {isa = PBXFileReference; fileEncoding = 4; lastKnownFileType = text.plist.xml; name = PlayerShips.plist; path = "Game Resources/PlayerShips.plist"; sourceTree = SOURCE_ROOT; };
		1164A6F412D29F7400B21071 /* kEnemyKamikazeeLevelOne.png */ = {isa = PBXFileReference; lastKnownFileType = image.png; name = kEnemyKamikazeeLevelOne.png; path = "Game Resources/Images/Normal/Ships/Enemy Ships/kEnemyKamikazeeLevelOne.png"; sourceTree = SOURCE_ROOT; };
		1164A6F512D29F7400B21071 /* kEnemyWaveShotLevelFourSpriteSheet.png */ = {isa = PBXFileReference; lastKnownFileType = image.png; name = kEnemyWaveShotLevelFourSpriteSheet.png; path = "Game Resources/Images/Normal/Ships/Enemy Ships/kEnemyWaveShotLevelFourSpriteSheet.png"; sourceTree = SOURCE_ROOT; };
		1169BA8113ABF7F1005FA11F /* Level_One.plist */ = {isa = PBXFileReference; fileEncoding = 4; lastKnownFileType = text.plist.xml; name = Level_One.plist; path = "Game Resources/Game Levels/Level_One.plist"; sourceTree = SOURCE_ROOT; };
		1169BA8313ABFBEC005FA11F /* GameLevelScene.h */ = {isa = PBXFileReference; fileEncoding = 4; lastKnownFileType = sourcecode.c.h; name = GameLevelScene.h; path = "Game Scenes/GameLevelScene.h"; sourceTree = "<group>"; };
		1169BA8413ABFBEC005FA11F /* GameLevelScene.m */ = {isa = PBXFileReference; fileEncoding = 4; lastKnownFileType = sourcecode.c.objc; name = GameLevelScene.m; path = "Game Scenes/GameLevelScene.m"; sourceTree = "<group>"; };
		1169BA8613ABFFF2005FA11F /* LevelsIndex.plist */ = {isa = PBXFileReference; fileEncoding = 4; lastKnownFileType = text.plist.xml; name = LevelsIndex.plist; path = "Game Resources/Game Levels/LevelsIndex.plist"; sourceTree = SOURCE_ROOT; };
		1170E3AB12865A18000BF968 /* CoreMotion.framework */ = {isa = PBXFileReference; lastKnownFileType = wrapper.framework; name = CoreMotion.framework; path = System/Library/Frameworks/CoreMotion.framework; sourceTree = SDKROOT; };
		1170E416128A1741000BF968 /* EnemyShip.h */ = {isa = PBXFileReference; fileEncoding = 4; lastKnownFileType = sourcecode.c.h; name = EnemyShip.h; path = Entities/Ships/EnemyShip.h; sourceTree = "<group>"; };
		1170E417128A1741000BF968 /* EnemyShip.m */ = {isa = PBXFileReference; fileEncoding = 4; lastKnownFileType = sourcecode.c.objc; name = EnemyShip.m; path = Entities/Ships/EnemyShip.m; sourceTree = "<group>"; };
		1170EC67126FCB7E00721CF4 /* AudioToolbox.framework */ = {isa = PBXFileReference; lastKnownFileType = wrapper.framework; name = AudioToolbox.framework; path = System/Library/Frameworks/AudioToolbox.framework; sourceTree = SDKROOT; };
		1170EC69126FCB7E00721CF4 /* AVFoundation.framework */ = {isa = PBXFileReference; lastKnownFileType = wrapper.framework; name = AVFoundation.framework; path = System/Library/Frameworks/AVFoundation.framework; sourceTree = SDKROOT; };
		1170EC6B126FCB7E00721CF4 /* CoreAudio.framework */ = {isa = PBXFileReference; lastKnownFileType = wrapper.framework; name = CoreAudio.framework; path = System/Library/Frameworks/CoreAudio.framework; sourceTree = SDKROOT; };
		1170EC6D126FCB7E00721CF4 /* CoreGraphics.framework */ = {isa = PBXFileReference; lastKnownFileType = wrapper.framework; name = CoreGraphics.framework; path = System/Library/Frameworks/CoreGraphics.framework; sourceTree = SDKROOT; };
		1170EC6F126FCB7E00721CF4 /* CoreLocation.framework */ = {isa = PBXFileReference; lastKnownFileType = wrapper.framework; name = CoreLocation.framework; path = System/Library/Frameworks/CoreLocation.framework; sourceTree = SDKROOT; };
		1170EC71126FCB7E00721CF4 /* CoreMotion.framework */ = {isa = PBXFileReference; lastKnownFileType = wrapper.framework; name = CoreMotion.framework; path = System/Library/Frameworks/CoreMotion.framework; sourceTree = SDKROOT; };
		1170EC73126FCB7E00721CF4 /* OpenAL.framework */ = {isa = PBXFileReference; lastKnownFileType = wrapper.framework; name = OpenAL.framework; path = System/Library/Frameworks/OpenAL.framework; sourceTree = SDKROOT; };
		1170ED43127012DD00721CF4 /* XenophobeGameController.h */ = {isa = PBXFileReference; fileEncoding = 4; lastKnownFileType = sourcecode.c.h; path = XenophobeGameController.h; sourceTree = "<group>"; };
		1170ED44127012DD00721CF4 /* XenophobeGameController.m */ = {isa = PBXFileReference; fileEncoding = 4; lastKnownFileType = sourcecode.c.objc; path = XenophobeGameController.m; sourceTree = "<group>"; };
		118C4B6612CDA5D50095B3D4 /* Collisions.h */ = {isa = PBXFileReference; fileEncoding = 4; lastKnownFileType = sourcecode.c.h; path = Collisions.h; sourceTree = "<group>"; };
		118C4B6712CDA5D50095B3D4 /* Collisions.m */ = {isa = PBXFileReference; fileEncoding = 4; lastKnownFileType = sourcecode.c.objc; path = Collisions.m; sourceTree = "<group>"; };
		118C4B6812CDA5D50095B3D4 /* Polygon.h */ = {isa = PBXFileReference; fileEncoding = 4; lastKnownFileType = sourcecode.c.h; path = Polygon.h; sourceTree = "<group>"; };
		118C4B6912CDA5D50095B3D4 /* Polygon.m */ = {isa = PBXFileReference; fileEncoding = 4; lastKnownFileType = sourcecode.c.objc; path = Polygon.m; sourceTree = "<group>"; };
		119FCF00129B528C00D3256A /* EnemyShips.plist */ = {isa = PBXFileReference; fileEncoding = 4; lastKnownFileType = text.plist.xml; name = EnemyShips.plist; path = "Game Resources/EnemyShips.plist"; sourceTree = SOURCE_ROOT; };
		11B1B8CD1276B53B006D085D /* SettingsScene.h */ = {isa = PBXFileReference; fileEncoding = 4; lastKnownFileType = sourcecode.c.h; name = SettingsScene.h; path = "Game Scenes/SettingsScene.h"; sourceTree = "<group>"; };
		11B1B8CE1276B53B006D085D /* SettingsScene.m */ = {isa = PBXFileReference; fileEncoding = 4; lastKnownFileType = sourcecode.c.objc; name = SettingsScene.m; path = "Game Scenes/SettingsScene.m"; sourceTree = "<group>"; };
		11B1BBC8127A64E0006D085D /* HighScoresScene.h */ = {isa = PBXFileReference; fileEncoding = 4; lastKnownFileType = sourcecode.c.h; name = HighScoresScene.h; path = "Game Scenes/HighScoresScene.h"; sourceTree = "<group>"; };
		11B1BBC9127A64E0006D085D /* HighScoresScene.m */ = {isa = PBXFileReference; fileEncoding = 4; lastKnownFileType = sourcecode.c.objc; name = HighScoresScene.m; path = "Game Scenes/HighScoresScene.m"; sourceTree = "<group>"; };
		11B1BBD7127AAB1A006D085D /* PreferencesManager.m */ = {isa = PBXFileReference; fileEncoding = 4; lastKnownFileType = sourcecode.c.objc; name = PreferencesManager.m; path = "Singleton Managers/PreferencesManager.m"; sourceTree = "<group>"; };
		11B1BC6B127D14E4006D085D /* preferences.sqlite */ = {isa = PBXFileReference; lastKnownFileType = file; name = preferences.sqlite; path = "Other Resources/preferences.sqlite"; sourceTree = "<group>"; };
		11B1BC76127D1C83006D085D /* main.m */ = {isa = PBXFileReference; fileEncoding = 4; lastKnownFileType = sourcecode.c.objc; path = main.m; sourceTree = "<group>"; };
		11B1BC79127D1C86006D085D /* Xenophobe-Info.plist */ = {isa = PBXFileReference; fileEncoding = 4; lastKnownFileType = text.plist.xml; path = "Xenophobe-Info.plist"; sourceTree = "<group>"; };
		11B1BD5A12822445006D085D /* AbstractControl.h */ = {isa = PBXFileReference; fileEncoding = 4; lastKnownFileType = sourcecode.c.h; name = AbstractControl.h; path = Entities/Controls/AbstractControl.h; sourceTree = "<group>"; };
		11B1BD5B12822445006D085D /* AbstractControl.m */ = {isa = PBXFileReference; fileEncoding = 4; lastKnownFileType = sourcecode.c.objc; name = AbstractControl.m; path = Entities/Controls/AbstractControl.m; sourceTree = "<group>"; };
		11B1BD5C12822445006D085D /* MenuControl.h */ = {isa = PBXFileReference; fileEncoding = 4; lastKnownFileType = sourcecode.c.h; name = MenuControl.h; path = Entities/Controls/MenuControl.h; sourceTree = "<group>"; };
		11B1BD5D12822445006D085D /* MenuControl.m */ = {isa = PBXFileReference; fileEncoding = 4; lastKnownFileType = sourcecode.c.objc; name = MenuControl.m; path = Entities/Controls/MenuControl.m; sourceTree = "<group>"; };
		11B1BD7E128275C8006D085D /* AbstractShip.h */ = {isa = PBXFileReference; fileEncoding = 4; lastKnownFileType = sourcecode.c.h; name = AbstractShip.h; path = Entities/Ships/AbstractShip.h; sourceTree = "<group>"; };
		11B1BD7F128275C8006D085D /* AbstractShip.m */ = {isa = PBXFileReference; fileEncoding = 4; lastKnownFileType = sourcecode.c.objc; name = AbstractShip.m; path = Entities/Ships/AbstractShip.m; sourceTree = "<group>"; };
		11B1BD80128275C8006D085D /* BossShip.h */ = {isa = PBXFileReference; fileEncoding = 4; lastKnownFileType = sourcecode.c.h; name = BossShip.h; path = Entities/Ships/BossShip.h; sourceTree = "<group>"; };
		11B1BD81128275C8006D085D /* BossShip.m */ = {isa = PBXFileReference; fileEncoding = 4; lastKnownFileType = sourcecode.c.objc; name = BossShip.m; path = Entities/Ships/BossShip.m; sourceTree = "<group>"; };
		11B1BD84128275C8006D085D /* PlayerShip.h */ = {isa = PBXFileReference; fileEncoding = 4; lastKnownFileType = sourcecode.c.h; name = PlayerShip.h; path = Entities/Ships/PlayerShip.h; sourceTree = "<group>"; };
		11B1BD85128275C8006D085D /* PlayerShip.m */ = {isa = PBXFileReference; fileEncoding = 4; lastKnownFileType = sourcecode.c.objc; name = PlayerShip.m; path = Entities/Ships/PlayerShip.m; sourceTree = "<group>"; };
		11B1BD941282763B006D085D /* Xenophobe_Prefix.pch */ = {isa = PBXFileReference; fileEncoding = 4; lastKnownFileType = sourcecode.c.h; path = Xenophobe_Prefix.pch; sourceTree = "<group>"; };
		11B1BE071283C662006D085D /* xenophobefont.fnt */ = {isa = PBXFileReference; fileEncoding = 4; lastKnownFileType = text; name = xenophobefont.fnt; path = "Game Resources/Fonts/xenophobefont.fnt"; sourceTree = SOURCE_ROOT; };
		11B1BE081283C662006D085D /* xenophobefont.png */ = {isa = PBXFileReference; lastKnownFileType = image.png; name = xenophobefont.png; path = "Game Resources/Fonts/xenophobefont.png"; sourceTree = SOURCE_ROOT; };
		11B1BE0B1283C69C006D085D /* GameScene.h */ = {isa = PBXFileReference; fileEncoding = 4; lastKnownFileType = sourcecode.c.h; name = GameScene.h; path = "Game Scenes/GameScene.h"; sourceTree = "<group>"; };
		11B1BE0C1283C69C006D085D /* GameScene.m */ = {isa = PBXFileReference; fileEncoding = 4; lastKnownFileType = sourcecode.c.objc; name = GameScene.m; path = "Game Scenes/GameScene.m"; sourceTree = "<group>"; };
		11BE519112B297080043B786 /* GameObject.h */ = {isa = PBXFileReference; fileEncoding = 4; lastKnownFileType = sourcecode.c.h; name = GameObject.h; path = "Entities/Physical Entities/GameObject.h"; sourceTree = "<group>"; };
		11BE519212B297080043B786 /* GameObject.m */ = {isa = PBXFileReference; fileEncoding = 4; lastKnownFileType = sourcecode.c.objc; name = GameObject.m; path = "Entities/Physical Entities/GameObject.m"; sourceTree = "<group>"; };
		11BE519712B29CD40043B786 /* PhysicalObject.h */ = {isa = PBXFileReference; fileEncoding = 4; lastKnownFileType = sourcecode.c.h; name = PhysicalObject.h; path = "Entities/Physical Entities/PhysicalObject.h"; sourceTree = "<group>"; };
		11BE519812B29CD40043B786 /* PhysicalObject.m */ = {isa = PBXFileReference; fileEncoding = 4; lastKnownFileType = sourcecode.c.objc; name = PhysicalObject.m; path = "Entities/Physical Entities/PhysicalObject.m"; sourceTree = "<group>"; };
		11CF774213A96F8D00D9FF4C /* HealthBar.png */ = {isa = PBXFileReference; lastKnownFileType = image.png; path = HealthBar.png; sourceTree = "<group>"; };
		11D3246412739BB400F01BB5 /* Animation.h */ = {isa = PBXFileReference; fileEncoding = 4; lastKnownFileType = sourcecode.c.h; name = Animation.h; path = "Graphics Engine/Animation/Animation.h"; sourceTree = "<group>"; };
		11D3246512739BB400F01BB5 /* Animation.m */ = {isa = PBXFileReference; fileEncoding = 4; lastKnownFileType = sourcecode.c.objc; name = Animation.m; path = "Graphics Engine/Animation/Animation.m"; sourceTree = "<group>"; };
		11D3246612739BB400F01BB5 /* Frame.h */ = {isa = PBXFileReference; fileEncoding = 4; lastKnownFileType = sourcecode.c.h; name = Frame.h; path = "Graphics Engine/Animation/Frame.h"; sourceTree = "<group>"; };
		11D3246712739BB400F01BB5 /* Frame.m */ = {isa = PBXFileReference; fileEncoding = 4; lastKnownFileType = sourcecode.c.objc; name = Frame.m; path = "Graphics Engine/Animation/Frame.m"; sourceTree = "<group>"; };
		11D3246A12739BBF00F01BB5 /* Texture2D.h */ = {isa = PBXFileReference; fileEncoding = 4; lastKnownFileType = sourcecode.c.h; name = Texture2D.h; path = "Graphics Engine/OpenGL ES Support/Texture2D.h"; sourceTree = "<group>"; };
		11D3246B12739BBF00F01BB5 /* Texture2D.m */ = {isa = PBXFileReference; fileEncoding = 4; lastKnownFileType = sourcecode.c.objc; name = Texture2D.m; path = "Graphics Engine/OpenGL ES Support/Texture2D.m"; sourceTree = "<group>"; };
		11D3246D12739BCB00F01BB5 /* BezierCurve.h */ = {isa = PBXFileReference; fileEncoding = 4; lastKnownFileType = sourcecode.c.h; name = BezierCurve.h; path = "Graphics Engine/Geom/BezierCurve.h"; sourceTree = "<group>"; };
		11D3246E12739BCB00F01BB5 /* BezierCurve.m */ = {isa = PBXFileReference; fileEncoding = 4; lastKnownFileType = sourcecode.c.objc; name = BezierCurve.m; path = "Graphics Engine/Geom/BezierCurve.m"; sourceTree = "<group>"; };
		11D3247012739BD900F01BB5 /* ParticleEmitter.h */ = {isa = PBXFileReference; fileEncoding = 4; lastKnownFileType = sourcecode.c.h; name = ParticleEmitter.h; path = "Graphics Engine/Particle System/ParticleEmitter.h"; sourceTree = "<group>"; };
		11D3247112739BD900F01BB5 /* ParticleEmitter.m */ = {isa = PBXFileReference; fileEncoding = 4; lastKnownFileType = sourcecode.c.objc; name = ParticleEmitter.m; path = "Graphics Engine/Particle System/ParticleEmitter.m"; sourceTree = "<group>"; };
		11D3247312739BED00F01BB5 /* Layer.h */ = {isa = PBXFileReference; fileEncoding = 4; lastKnownFileType = sourcecode.c.h; name = Layer.h; path = "Graphics Engine/TiledMap/Layer.h"; sourceTree = "<group>"; };
		11D3247412739BED00F01BB5 /* Layer.m */ = {isa = PBXFileReference; fileEncoding = 4; lastKnownFileType = sourcecode.c.objc; name = Layer.m; path = "Graphics Engine/TiledMap/Layer.m"; sourceTree = "<group>"; };
		11D3247512739BED00F01BB5 /* TiledMap.h */ = {isa = PBXFileReference; fileEncoding = 4; lastKnownFileType = sourcecode.c.h; name = TiledMap.h; path = "Graphics Engine/TiledMap/TiledMap.h"; sourceTree = "<group>"; };
		11D3247612739BED00F01BB5 /* TiledMap.m */ = {isa = PBXFileReference; fileEncoding = 4; lastKnownFileType = sourcecode.c.objc; name = TiledMap.m; path = "Graphics Engine/TiledMap/TiledMap.m"; sourceTree = "<group>"; };
		11D3247712739BED00F01BB5 /* TileSet.h */ = {isa = PBXFileReference; fileEncoding = 4; lastKnownFileType = sourcecode.c.h; name = TileSet.h; path = "Graphics Engine/TiledMap/TileSet.h"; sourceTree = "<group>"; };
		11D3247812739BED00F01BB5 /* TileSet.m */ = {isa = PBXFileReference; fileEncoding = 4; lastKnownFileType = sourcecode.c.objc; name = TileSet.m; path = "Graphics Engine/TiledMap/TileSet.m"; sourceTree = "<group>"; };
		11D3248312739BFC00F01BB5 /* Image.h */ = {isa = PBXFileReference; fileEncoding = 4; lastKnownFileType = sourcecode.c.h; name = Image.h; path = "Graphics Engine/Image/Image.h"; sourceTree = "<group>"; };
		11D3248412739BFC00F01BB5 /* Image.m */ = {isa = PBXFileReference; fileEncoding = 4; lastKnownFileType = sourcecode.c.objc; name = Image.m; path = "Graphics Engine/Image/Image.m"; sourceTree = "<group>"; };
		11D3248612739C0900F01BB5 /* SpriteSheet.h */ = {isa = PBXFileReference; fileEncoding = 4; lastKnownFileType = sourcecode.c.h; name = SpriteSheet.h; path = "Graphics Engine/SpriteSheet/SpriteSheet.h"; sourceTree = "<group>"; };
		11D3248712739C0900F01BB5 /* SpriteSheet.m */ = {isa = PBXFileReference; fileEncoding = 4; lastKnownFileType = sourcecode.c.objc; name = SpriteSheet.m; path = "Graphics Engine/SpriteSheet/SpriteSheet.m"; sourceTree = "<group>"; };
		11D3248912739C1400F01BB5 /* AngelCodeFont.h */ = {isa = PBXFileReference; fileEncoding = 4; lastKnownFileType = sourcecode.c.h; name = AngelCodeFont.h; path = "Graphics Engine/AngelCodeFont/AngelCodeFont.h"; sourceTree = "<group>"; };
		11D3248A12739C1400F01BB5 /* AngelCodeFont.m */ = {isa = PBXFileReference; fileEncoding = 4; lastKnownFileType = sourcecode.c.objc; name = AngelCodeFont.m; path = "Graphics Engine/AngelCodeFont/AngelCodeFont.m"; sourceTree = "<group>"; };
		11D3248B12739C1400F01BB5 /* CharDef.h */ = {isa = PBXFileReference; fileEncoding = 4; lastKnownFileType = sourcecode.c.h; name = CharDef.h; path = "Graphics Engine/AngelCodeFont/CharDef.h"; sourceTree = "<group>"; };
		11D3248C12739C1400F01BB5 /* CharDef.m */ = {isa = PBXFileReference; fileEncoding = 4; lastKnownFileType = sourcecode.c.objc; name = CharDef.m; path = "Graphics Engine/AngelCodeFont/CharDef.m"; sourceTree = "<group>"; };
		11D3249312739C6600F01BB5 /* DDXML.h */ = {isa = PBXFileReference; fileEncoding = 4; lastKnownFileType = sourcecode.c.h; name = DDXML.h; path = DDXML/DDXML.h; sourceTree = "<group>"; };
		11D3249412739C6600F01BB5 /* DDXMLDocument.h */ = {isa = PBXFileReference; fileEncoding = 4; lastKnownFileType = sourcecode.c.h; name = DDXMLDocument.h; path = DDXML/DDXMLDocument.h; sourceTree = "<group>"; };
		11D3249512739C6600F01BB5 /* DDXMLDocument.m */ = {isa = PBXFileReference; fileEncoding = 4; lastKnownFileType = sourcecode.c.objc; name = DDXMLDocument.m; path = DDXML/DDXMLDocument.m; sourceTree = "<group>"; };
		11D3249612739C6600F01BB5 /* DDXMLElement.h */ = {isa = PBXFileReference; fileEncoding = 4; lastKnownFileType = sourcecode.c.h; name = DDXMLElement.h; path = DDXML/DDXMLElement.h; sourceTree = "<group>"; };
		11D3249712739C6600F01BB5 /* DDXMLElement.m */ = {isa = PBXFileReference; fileEncoding = 4; lastKnownFileType = sourcecode.c.objc; name = DDXMLElement.m; path = DDXML/DDXMLElement.m; sourceTree = "<group>"; };
		11D3249812739C6600F01BB5 /* DDXMLElementAdditions.h */ = {isa = PBXFileReference; fileEncoding = 4; lastKnownFileType = sourcecode.c.h; name = DDXMLElementAdditions.h; path = DDXML/DDXMLElementAdditions.h; sourceTree = "<group>"; };
		11D3249912739C6600F01BB5 /* DDXMLElementAdditions.m */ = {isa = PBXFileReference; fileEncoding = 4; lastKnownFileType = sourcecode.c.objc; name = DDXMLElementAdditions.m; path = DDXML/DDXMLElementAdditions.m; sourceTree = "<group>"; };
		11D3249A12739C6600F01BB5 /* DDXMLNode.h */ = {isa = PBXFileReference; fileEncoding = 4; lastKnownFileType = sourcecode.c.h; name = DDXMLNode.h; path = DDXML/DDXMLNode.h; sourceTree = "<group>"; };
		11D3249B12739C6600F01BB5 /* DDXMLNode.m */ = {isa = PBXFileReference; fileEncoding = 4; lastKnownFileType = sourcecode.c.objc; name = DDXMLNode.m; path = DDXML/DDXMLNode.m; sourceTree = "<group>"; };
		11D3249C12739C6600F01BB5 /* DDXMLPrivate.h */ = {isa = PBXFileReference; fileEncoding = 4; lastKnownFileType = sourcecode.c.h; name = DDXMLPrivate.h; path = DDXML/DDXMLPrivate.h; sourceTree = "<group>"; };
		11D3249F12739C6600F01BB5 /* NSStringAdditions.h */ = {isa = PBXFileReference; fileEncoding = 4; lastKnownFileType = sourcecode.c.h; name = NSStringAdditions.h; path = DDXML/NSStringAdditions.h; sourceTree = "<group>"; };
		11D324A012739C6600F01BB5 /* NSStringAdditions.m */ = {isa = PBXFileReference; fileEncoding = 4; lastKnownFileType = sourcecode.c.objc; name = NSStringAdditions.m; path = DDXML/NSStringAdditions.m; sourceTree = "<group>"; };
		11D324C312739CEF00F01BB5 /* Common.h */ = {isa = PBXFileReference; fileEncoding = 4; lastKnownFileType = sourcecode.c.h; name = Common.h; path = Common/Common.h; sourceTree = "<group>"; };
		11D324C412739CEF00F01BB5 /* Transforms.h */ = {isa = PBXFileReference; fileEncoding = 4; lastKnownFileType = sourcecode.c.h; name = Transforms.h; path = Common/Transforms.h; sourceTree = "<group>"; };
		11D324C512739CEF00F01BB5 /* Transforms.m */ = {isa = PBXFileReference; fileEncoding = 4; lastKnownFileType = sourcecode.c.objc; name = Transforms.m; path = Common/Transforms.m; sourceTree = "<group>"; };
		11D324C712739D6600F01BB5 /* MyOpenALSupport.c */ = {isa = PBXFileReference; fileEncoding = 4; lastKnownFileType = sourcecode.c.c; name = MyOpenALSupport.c; path = "Singleton Managers/Sound Manager/MyOpenALSupport.c"; sourceTree = "<group>"; };
		11D324C812739D6600F01BB5 /* MyOpenALSupport.h */ = {isa = PBXFileReference; fileEncoding = 4; lastKnownFileType = sourcecode.c.h; name = MyOpenALSupport.h; path = "Singleton Managers/Sound Manager/MyOpenALSupport.h"; sourceTree = "<group>"; };
		11D324C912739D6600F01BB5 /* SoundManager.h */ = {isa = PBXFileReference; fileEncoding = 4; lastKnownFileType = sourcecode.c.h; name = SoundManager.h; path = "Singleton Managers/Sound Manager/SoundManager.h"; sourceTree = "<group>"; };
		11D324CA12739D6600F01BB5 /* SoundManager.m */ = {isa = PBXFileReference; fileEncoding = 4; lastKnownFileType = sourcecode.c.objc; name = SoundManager.m; path = "Singleton Managers/Sound Manager/SoundManager.m"; sourceTree = "<group>"; };
		11D324D312739D7800F01BB5 /* Director.h */ = {isa = PBXFileReference; fileEncoding = 4; lastKnownFileType = sourcecode.c.h; name = Director.h; path = "Singleton Managers/Director.h"; sourceTree = "<group>"; };
		11D324D412739D7900F01BB5 /* Director.m */ = {isa = PBXFileReference; fileEncoding = 4; lastKnownFileType = sourcecode.c.objc; name = Director.m; path = "Singleton Managers/Director.m"; sourceTree = "<group>"; };
		11D324D512739D7900F01BB5 /* ResourceManager.h */ = {isa = PBXFileReference; fileEncoding = 4; lastKnownFileType = sourcecode.c.h; name = ResourceManager.h; path = "Singleton Managers/ResourceManager.h"; sourceTree = "<group>"; };
		11D324D612739D7900F01BB5 /* ResourceManager.m */ = {isa = PBXFileReference; fileEncoding = 4; lastKnownFileType = sourcecode.c.objc; name = ResourceManager.m; path = "Singleton Managers/ResourceManager.m"; sourceTree = "<group>"; };
		11D324D712739D7900F01BB5 /* SynthesizeSingleton.h */ = {isa = PBXFileReference; fileEncoding = 4; lastKnownFileType = sourcecode.c.h; name = SynthesizeSingleton.h; path = "Singleton Managers/SynthesizeSingleton.h"; sourceTree = "<group>"; };
		11D324E412739DBD00F01BB5 /* AbstractScene.h */ = {isa = PBXFileReference; fileEncoding = 4; lastKnownFileType = sourcecode.c.h; name = AbstractScene.h; path = "Game Scenes/AbstractScene.h"; sourceTree = "<group>"; };
		11D324E512739DBD00F01BB5 /* AbstractScene.m */ = {isa = PBXFileReference; fileEncoding = 4; lastKnownFileType = sourcecode.c.objc; name = AbstractScene.m; path = "Game Scenes/AbstractScene.m"; sourceTree = "<group>"; };
		11D324E612739DBD00F01BB5 /* MainMenuScene.h */ = {isa = PBXFileReference; fileEncoding = 4; lastKnownFileType = sourcecode.c.h; name = MainMenuScene.h; path = "Game Scenes/MainMenuScene.h"; sourceTree = "<group>"; };
		11D324E712739DBD00F01BB5 /* MainMenuScene.m */ = {isa = PBXFileReference; fileEncoding = 4; lastKnownFileType = sourcecode.c.objc; name = MainMenuScene.m; path = "Game Scenes/MainMenuScene.m"; sourceTree = "<group>"; };
		11D325161273BF7900F01BB5 /* libsqlite3.0.dylib */ = {isa = PBXFileReference; lastKnownFileType = "compiled.mach-o.dylib"; name = libsqlite3.0.dylib; path = usr/lib/libsqlite3.0.dylib; sourceTree = SDKROOT; };
		11D325201273C14E00F01BB5 /* PreferencesManager.h */ = {isa = PBXFileReference; fileEncoding = 4; lastKnownFileType = sourcecode.c.h; name = PreferencesManager.h; path = "Singleton Managers/PreferencesManager.h"; sourceTree = "<group>"; };
		11D72CCC13557E7500C6C99A /* libz.dylib */ = {isa = PBXFileReference; lastKnownFileType = "compiled.mach-o.dylib"; name = libz.dylib; path = usr/lib/libz.dylib; sourceTree = SDKROOT; };
		11DE0F2912CE6A9500A3F7CA /* devship.png */ = {isa = PBXFileReference; lastKnownFileType = image.png; name = devship.png; path = "Game Resources/Images/Normal/Ships/Player Ships/devship.png"; sourceTree = SOURCE_ROOT; };
		11E7DCE5129F00D90047E2FD /* kBossAsiaCannonLeft.png */ = {isa = PBXFileReference; lastKnownFileType = image.png; name = kBossAsiaCannonLeft.png; path = "Game Resources/Images/Normal/Ships/Boss Ships/kBossAsiaCannonLeft.png"; sourceTree = SOURCE_ROOT; };
		11E7DCE6129F00D90047E2FD /* kBossAsiaCannonRight.png */ = {isa = PBXFileReference; lastKnownFileType = image.png; name = kBossAsiaCannonRight.png; path = "Game Resources/Images/Normal/Ships/Boss Ships/kBossAsiaCannonRight.png"; sourceTree = SOURCE_ROOT; };
		11E7DCE7129F00D90047E2FD /* kBossAsiaMainBody.png */ = {isa = PBXFileReference; lastKnownFileType = image.png; name = kBossAsiaMainBody.png; path = "Game Resources/Images/Normal/Ships/Boss Ships/kBossAsiaMainBody.png"; sourceTree = SOURCE_ROOT; };
		11E7DCE8129F00D90047E2FD /* kBossAsiaTurretLeft.png */ = {isa = PBXFileReference; lastKnownFileType = image.png; name = kBossAsiaTurretLeft.png; path = "Game Resources/Images/Normal/Ships/Boss Ships/kBossAsiaTurretLeft.png"; sourceTree = SOURCE_ROOT; };
		11E7DCE9129F00D90047E2FD /* kBossAsiaTurretRight.png */ = {isa = PBXFileReference; lastKnownFileType = image.png; name = kBossAsiaTurretRight.png; path = "Game Resources/Images/Normal/Ships/Boss Ships/kBossAsiaTurretRight.png"; sourceTree = SOURCE_ROOT; };
		11E7DCEA129F00D90047E2FD /* kBossEuropeMainBody.png */ = {isa = PBXFileReference; lastKnownFileType = image.png; name = kBossEuropeMainBody.png; path = "Game Resources/Images/Normal/Ships/Boss Ships/kBossEuropeMainBody.png"; sourceTree = SOURCE_ROOT; };
		11E7DCEB129F00D90047E2FD /* kBossEuropeTailLeft.png */ = {isa = PBXFileReference; lastKnownFileType = image.png; name = kBossEuropeTailLeft.png; path = "Game Resources/Images/Normal/Ships/Boss Ships/kBossEuropeTailLeft.png"; sourceTree = SOURCE_ROOT; };
		11E7DCEC129F00D90047E2FD /* kBossEuropeTailRight.png */ = {isa = PBXFileReference; lastKnownFileType = image.png; name = kBossEuropeTailRight.png; path = "Game Resources/Images/Normal/Ships/Boss Ships/kBossEuropeTailRight.png"; sourceTree = SOURCE_ROOT; };
		11E7DCED129F00D90047E2FD /* kBossEuropeWingLeft.png */ = {isa = PBXFileReference; lastKnownFileType = image.png; name = kBossEuropeWingLeft.png; path = "Game Resources/Images/Normal/Ships/Boss Ships/kBossEuropeWingLeft.png"; sourceTree = SOURCE_ROOT; };
		11E7DCEE129F00D90047E2FD /* kBossEuropeWingRight.png */ = {isa = PBXFileReference; lastKnownFileType = image.png; name = kBossEuropeWingRight.png; path = "Game Resources/Images/Normal/Ships/Boss Ships/kBossEuropeWingRight.png"; sourceTree = SOURCE_ROOT; };
		11F3274312A0D8D5003CF17B /* about.png */ = {isa = PBXFileReference; lastKnownFileType = image.png; path = about.png; sourceTree = "<group>"; };
		11F3274412A0D8D5003CF17B /* backbutton.png */ = {isa = PBXFileReference; lastKnownFileType = image.png; path = backbutton.png; sourceTree = "<group>"; };
		11F3274512A0D8D5003CF17B /* continue.png */ = {isa = PBXFileReference; lastKnownFileType = image.png; path = continue.png; sourceTree = "<group>"; };
		11F3274812A0D8D5003CF17B /* forwardbutton.png */ = {isa = PBXFileReference; lastKnownFileType = image.png; path = forwardbutton.png; sourceTree = "<group>"; };
		11F3274912A0D8D5003CF17B /* highscores.png */ = {isa = PBXFileReference; lastKnownFileType = image.png; path = highscores.png; sourceTree = "<group>"; };
		11F3274A12A0D8D5003CF17B /* highscoresbuttonalltime.png */ = {isa = PBXFileReference; lastKnownFileType = image.png; path = highscoresbuttonalltime.png; sourceTree = "<group>"; };
		11F3274B12A0D8D5003CF17B /* highscoresbuttonalltimeglow.png */ = {isa = PBXFileReference; lastKnownFileType = image.png; path = highscoresbuttonalltimeglow.png; sourceTree = "<group>"; };
		11F3274C12A0D8D5003CF17B /* highscoresbuttontoday.png */ = {isa = PBXFileReference; lastKnownFileType = image.png; path = highscoresbuttontoday.png; sourceTree = "<group>"; };
		11F3274D12A0D8D5003CF17B /* highscoresbuttontodayglow.png */ = {isa = PBXFileReference; lastKnownFileType = image.png; path = highscoresbuttontodayglow.png; sourceTree = "<group>"; };
		11F3274E12A0D8D5003CF17B /* highscoresbuttonweek.png */ = {isa = PBXFileReference; lastKnownFileType = image.png; path = highscoresbuttonweek.png; sourceTree = "<group>"; };
		11F3274F12A0D8D5003CF17B /* highscoresbuttonweekglow.png */ = {isa = PBXFileReference; lastKnownFileType = image.png; path = highscoresbuttonweekglow.png; sourceTree = "<group>"; };
		11F3275012A0D8D5003CF17B /* highscorestable.png */ = {isa = PBXFileReference; lastKnownFileType = image.png; path = highscorestable.png; sourceTree = "<group>"; };
		11F3275112A0D8D5003CF17B /* leaderboardstitle.png */ = {isa = PBXFileReference; lastKnownFileType = image.png; path = leaderboardstitle.png; sourceTree = "<group>"; };
		11F3275212A0D8D5003CF17B /* newgame.png */ = {isa = PBXFileReference; lastKnownFileType = image.png; path = newgame.png; sourceTree = "<group>"; };
		11F3275312A0D8D5003CF17B /* playership.png */ = {isa = PBXFileReference; lastKnownFileType = image.png; path = playership.png; sourceTree = "<group>"; };
		11F3275412A0D8D5003CF17B /* settings.png */ = {isa = PBXFileReference; lastKnownFileType = image.png; path = settings.png; sourceTree = "<group>"; };
		11F3275512A0D8D5003CF17B /* texture.png */ = {isa = PBXFileReference; lastKnownFileType = image.png; path = texture.png; sourceTree = "<group>"; };
		11F3275612A0D8D5003CF17B /* xenophobe.png */ = {isa = PBXFileReference; lastKnownFileType = image.png; path = xenophobe.png; sourceTree = "<group>"; };
		11F3277912A4BF22003CF17B /* GameKit.framework */ = {isa = PBXFileReference; lastKnownFileType = wrapper.framework; name = GameKit.framework; path = System/Library/Frameworks/GameKit.framework; sourceTree = SDKROOT; };
		1D30AB110D05D00D00671497 /* Foundation.framework */ = {isa = PBXFileReference; lastKnownFileType = wrapper.framework; name = Foundation.framework; path = System/Library/Frameworks/Foundation.framework; sourceTree = SDKROOT; };
		1D3623240D0F684500981E51 /* XenophobeAppDelegate.h */ = {isa = PBXFileReference; fileEncoding = 4; lastKnownFileType = sourcecode.c.h; path = XenophobeAppDelegate.h; sourceTree = "<group>"; };
		1D3623250D0F684500981E51 /* XenophobeAppDelegate.m */ = {isa = PBXFileReference; fileEncoding = 4; lastKnownFileType = sourcecode.c.objc; path = XenophobeAppDelegate.m; sourceTree = "<group>"; };
		1D6058910D05DD3D006BFB54 /* Xenophobe.app */ = {isa = PBXFileReference; explicitFileType = wrapper.application; includeInIndex = 0; path = Xenophobe.app; sourceTree = BUILT_PRODUCTS_DIR; };
		1DF5F4DF0D08C38300B7A737 /* UIKit.framework */ = {isa = PBXFileReference; lastKnownFileType = wrapper.framework; name = UIKit.framework; path = System/Library/Frameworks/UIKit.framework; sourceTree = SDKROOT; };
		28FD14FC0DC6FC130079059D /* EAGLView.h */ = {isa = PBXFileReference; fileEncoding = 4; lastKnownFileType = sourcecode.c.h; path = EAGLView.h; sourceTree = "<group>"; };
		28FD14FD0DC6FC130079059D /* EAGLView.m */ = {isa = PBXFileReference; fileEncoding = 4; lastKnownFileType = sourcecode.c.objc; path = EAGLView.m; sourceTree = "<group>"; };
		28FD14FF0DC6FC520079059D /* OpenGLES.framework */ = {isa = PBXFileReference; lastKnownFileType = wrapper.framework; name = OpenGLES.framework; path = System/Library/Frameworks/OpenGLES.framework; sourceTree = SDKROOT; };
		28FD15070DC6FC5B0079059D /* QuartzCore.framework */ = {isa = PBXFileReference; lastKnownFileType = wrapper.framework; name = QuartzCore.framework; path = System/Library/Frameworks/QuartzCore.framework; sourceTree = SDKROOT; };
		B963267912DD392E00FA1BA1 /* Projectiles.plist */ = {isa = PBXFileReference; fileEncoding = 4; lastKnownFileType = text.plist.xml; name = Projectiles.plist; path = "Game Resources/Projectiles.plist"; sourceTree = SOURCE_ROOT; };
		B97A805412C964AD005FBB61 /* AbstractProjectile.h */ = {isa = PBXFileReference; fileEncoding = 4; lastKnownFileType = sourcecode.c.h; name = AbstractProjectile.h; path = Entities/Projectiles/AbstractProjectile.h; sourceTree = "<group>"; };
		B97A805512C964AD005FBB61 /* AbstractProjectile.m */ = {isa = PBXFileReference; fileEncoding = 4; lastKnownFileType = sourcecode.c.objc; name = AbstractProjectile.m; path = Entities/Projectiles/AbstractProjectile.m; sourceTree = "<group>"; };
/* End PBXFileReference section */

/* Begin PBXFrameworksBuildPhase section */
		1D60588F0D05DD3D006BFB54 /* Frameworks */ = {
			isa = PBXFrameworksBuildPhase;
			buildActionMask = 2147483647;
			files = (
				1D60589F0D05DD5A006BFB54 /* Foundation.framework in Frameworks */,
				1DF5F4E00D08C38300B7A737 /* UIKit.framework in Frameworks */,
				28FD15000DC6FC520079059D /* OpenGLES.framework in Frameworks */,
				28FD15080DC6FC5B0079059D /* QuartzCore.framework in Frameworks */,
				1170EC68126FCB7E00721CF4 /* AudioToolbox.framework in Frameworks */,
				1170EC6A126FCB7E00721CF4 /* AVFoundation.framework in Frameworks */,
				1170EC6C126FCB7E00721CF4 /* CoreAudio.framework in Frameworks */,
				1170EC6E126FCB7E00721CF4 /* CoreGraphics.framework in Frameworks */,
				1170EC70126FCB7E00721CF4 /* CoreLocation.framework in Frameworks */,
				1170EC72126FCB7E00721CF4 /* CoreMotion.framework in Frameworks */,
				1170EC74126FCB7E00721CF4 /* OpenAL.framework in Frameworks */,
				11D325171273BF7900F01BB5 /* libsqlite3.0.dylib in Frameworks */,
				1170E3AC12865A18000BF968 /* CoreMotion.framework in Frameworks */,
				11F3277A12A4BF22003CF17B /* GameKit.framework in Frameworks */,
				11D72CCD13557E7500C6C99A /* libz.dylib in Frameworks */,
			);
			runOnlyForDeploymentPostprocessing = 0;
		};
/* End PBXFrameworksBuildPhase section */

/* Begin PBXGroup section */
		080E96DDFE201D6D7F000001 /* Classes */ = {
			isa = PBXGroup;
			children = (
				28FD14FC0DC6FC130079059D /* EAGLView.h */,
				28FD14FD0DC6FC130079059D /* EAGLView.m */,
				1170ED43127012DD00721CF4 /* XenophobeGameController.h */,
				1170ED44127012DD00721CF4 /* XenophobeGameController.m */,
				1D3623240D0F684500981E51 /* XenophobeAppDelegate.h */,
				1D3623250D0F684500981E51 /* XenophobeAppDelegate.m */,
			);
			path = Classes;
			sourceTree = "<group>";
		};
		1130822312D83C96009C9502 /* Bosses */ = {
			isa = PBXGroup;
			children = (
				1130822812D907CD009C9502 /* BossShipAsia.h */,
				1130822912D907CD009C9502 /* BossShipAsia.m */,
			);
			name = Bosses;
			sourceTree = "<group>";
		};
		1130822412D83C9E009C9502 /* MiniBosses */ = {
			isa = PBXGroup;
			children = (
				1130822512D907B1009C9502 /* MiniBossGeneral.h */,
				1130822612D907B1009C9502 /* MiniBossGeneral.m */,
			);
			name = MiniBosses;
			sourceTree = "<group>";
		};
		11336114129EEE8D00FE6A03 /* Ships */ = {
			isa = PBXGroup;
			children = (
				11336116129EEEA500FE6A03 /* Player Ships */,
				11336117129EEEB000FE6A03 /* Enemy Ships */,
				11336115129EEE9900FE6A03 /* Boss Ships */,
			);
			name = Ships;
			sourceTree = "<group>";
		};
		11336115129EEE9900FE6A03 /* Boss Ships */ = {
			isa = PBXGroup;
			children = (
				11E7DCE4129F00C00047E2FD /* Bosses */,
				11E7DCE3129F00B10047E2FD /* MiniBosses */,
			);
			name = "Boss Ships";
			sourceTree = "<group>";
		};
		11336116129EEEA500FE6A03 /* Player Ships */ = {
			isa = PBXGroup;
			children = (
				11DE0F2912CE6A9500A3F7CA /* devship.png */,
			);
			name = "Player Ships";
			sourceTree = "<group>";
		};
		11336117129EEEB000FE6A03 /* Enemy Ships */ = {
			isa = PBXGroup;
			children = (
				1164A6F412D29F7400B21071 /* kEnemyKamikazeeLevelOne.png */,
				1164A6F512D29F7400B21071 /* kEnemyWaveShotLevelFourSpriteSheet.png */,
			);
			name = "Enemy Ships";
			sourceTree = "<group>";
		};
		1169BA8013ABF7B1005FA11F /* Game Levels */ = {
			isa = PBXGroup;
			children = (
				1169BA8613ABFFF2005FA11F /* LevelsIndex.plist */,
				1169BA8113ABF7F1005FA11F /* Level_One.plist */,
			);
			name = "Game Levels";
			sourceTree = "<group>";
		};
		1170EBE8126ED1B900721CF4 /* Common */ = {
			isa = PBXGroup;
			children = (
				11D324C312739CEF00F01BB5 /* Common.h */,
				11D324C412739CEF00F01BB5 /* Transforms.h */,
				11D324C512739CEF00F01BB5 /* Transforms.m */,
			);
			name = Common;
			sourceTree = "<group>";
		};
		1170EBED126ED21C00721CF4 /* Graphics Engine */ = {
			isa = PBXGroup;
			children = (
				1170EBEE126ED22200721CF4 /* Animation */,
				1170EBEF126ED22700721CF4 /* OpenGL ES Support */,
				1170EC33126FC4A000721CF4 /* Geom */,
				1170EBF0126ED22F00721CF4 /* Particle System */,
				1170EC2D126FC48200721CF4 /* TiledMap */,
				1170EBF1126ED23C00721CF4 /* Image */,
				1170EBF2126ED24900721CF4 /* SpriteSheet */,
				1170EC22126FC15E00721CF4 /* AngelCodeFont */,
			);
			name = "Graphics Engine";
			sourceTree = "<group>";
		};
		1170EBEE126ED22200721CF4 /* Animation */ = {
			isa = PBXGroup;
			children = (
				11D3246412739BB400F01BB5 /* Animation.h */,
				11D3246512739BB400F01BB5 /* Animation.m */,
				11D3246612739BB400F01BB5 /* Frame.h */,
				11D3246712739BB400F01BB5 /* Frame.m */,
			);
			name = Animation;
			sourceTree = "<group>";
		};
		1170EBEF126ED22700721CF4 /* OpenGL ES Support */ = {
			isa = PBXGroup;
			children = (
				11D3246A12739BBF00F01BB5 /* Texture2D.h */,
				11D3246B12739BBF00F01BB5 /* Texture2D.m */,
			);
			name = "OpenGL ES Support";
			sourceTree = "<group>";
		};
		1170EBF0126ED22F00721CF4 /* Particle System */ = {
			isa = PBXGroup;
			children = (
				11D3247012739BD900F01BB5 /* ParticleEmitter.h */,
				11D3247112739BD900F01BB5 /* ParticleEmitter.m */,
			);
			name = "Particle System";
			sourceTree = "<group>";
		};
		1170EBF1126ED23C00721CF4 /* Image */ = {
			isa = PBXGroup;
			children = (
				11D3248312739BFC00F01BB5 /* Image.h */,
				11D3248412739BFC00F01BB5 /* Image.m */,
			);
			name = Image;
			sourceTree = "<group>";
		};
		1170EBF2126ED24900721CF4 /* SpriteSheet */ = {
			isa = PBXGroup;
			children = (
				11D3248612739C0900F01BB5 /* SpriteSheet.h */,
				11D3248712739C0900F01BB5 /* SpriteSheet.m */,
			);
			name = SpriteSheet;
			sourceTree = "<group>";
		};
		1170EC22126FC15E00721CF4 /* AngelCodeFont */ = {
			isa = PBXGroup;
			children = (
				11D3248B12739C1400F01BB5 /* CharDef.h */,
				11D3248C12739C1400F01BB5 /* CharDef.m */,
				11D3248912739C1400F01BB5 /* AngelCodeFont.h */,
				11D3248A12739C1400F01BB5 /* AngelCodeFont.m */,
			);
			name = AngelCodeFont;
			sourceTree = "<group>";
		};
		1170EC2D126FC48200721CF4 /* TiledMap */ = {
			isa = PBXGroup;
			children = (
				11D3247512739BED00F01BB5 /* TiledMap.h */,
				11D3247612739BED00F01BB5 /* TiledMap.m */,
				11D3247712739BED00F01BB5 /* TileSet.h */,
				11D3247812739BED00F01BB5 /* TileSet.m */,
				11D3247312739BED00F01BB5 /* Layer.h */,
				11D3247412739BED00F01BB5 /* Layer.m */,
			);
			name = TiledMap;
			sourceTree = "<group>";
		};
		1170EC33126FC4A000721CF4 /* Geom */ = {
			isa = PBXGroup;
			children = (
				11D3246D12739BCB00F01BB5 /* BezierCurve.h */,
				11D3246E12739BCB00F01BB5 /* BezierCurve.m */,
			);
			name = Geom;
			sourceTree = "<group>";
		};
		1170ECFB12700EBC00721CF4 /* Singleton Managers */ = {
			isa = PBXGroup;
			children = (
				1170ED0E12700F7000721CF4 /* Sound Manager */,
				11D324D712739D7900F01BB5 /* SynthesizeSingleton.h */,
				11D324D312739D7800F01BB5 /* Director.h */,
				11D324D412739D7900F01BB5 /* Director.m */,
				11D324D512739D7900F01BB5 /* ResourceManager.h */,
				11D324D612739D7900F01BB5 /* ResourceManager.m */,
				11D325201273C14E00F01BB5 /* PreferencesManager.h */,
				11B1BBD7127AAB1A006D085D /* PreferencesManager.m */,
			);
			name = "Singleton Managers";
			sourceTree = "<group>";
		};
		1170ED0E12700F7000721CF4 /* Sound Manager */ = {
			isa = PBXGroup;
			children = (
				11D324C812739D6600F01BB5 /* MyOpenALSupport.h */,
				11D324C712739D6600F01BB5 /* MyOpenALSupport.c */,
				11D324C912739D6600F01BB5 /* SoundManager.h */,
				11D324CA12739D6600F01BB5 /* SoundManager.m */,
			);
			name = "Sound Manager";
			sourceTree = "<group>";
		};
		1170ED2C127010B400721CF4 /* Game Scenes */ = {
			isa = PBXGroup;
			children = (
				11D324E412739DBD00F01BB5 /* AbstractScene.h */,
				11D324E512739DBD00F01BB5 /* AbstractScene.m */,
				11D324E612739DBD00F01BB5 /* MainMenuScene.h */,
				11D324E712739DBD00F01BB5 /* MainMenuScene.m */,
				11B1BE0B1283C69C006D085D /* GameScene.h */,
				11B1BE0C1283C69C006D085D /* GameScene.m */,
				1169BA8313ABFBEC005FA11F /* GameLevelScene.h */,
				1169BA8413ABFBEC005FA11F /* GameLevelScene.m */,
				11B1B8CD1276B53B006D085D /* SettingsScene.h */,
				11B1B8CE1276B53B006D085D /* SettingsScene.m */,
				11B1BBC8127A64E0006D085D /* HighScoresScene.h */,
				11B1BBC9127A64E0006D085D /* HighScoresScene.m */,
			);
			name = "Game Scenes";
			sourceTree = "<group>";
		};
		1170ED691270147B00721CF4 /* DDXML */ = {
			isa = PBXGroup;
			children = (
				11D3249312739C6600F01BB5 /* DDXML.h */,
				11D3249412739C6600F01BB5 /* DDXMLDocument.h */,
				11D3249512739C6600F01BB5 /* DDXMLDocument.m */,
				11D3249612739C6600F01BB5 /* DDXMLElement.h */,
				11D3249712739C6600F01BB5 /* DDXMLElement.m */,
				11D3249812739C6600F01BB5 /* DDXMLElementAdditions.h */,
				11D3249912739C6600F01BB5 /* DDXMLElementAdditions.m */,
				11D3249A12739C6600F01BB5 /* DDXMLNode.h */,
				11D3249B12739C6600F01BB5 /* DDXMLNode.m */,
				11D3249C12739C6600F01BB5 /* DDXMLPrivate.h */,
				11D3249F12739C6600F01BB5 /* NSStringAdditions.h */,
				11D324A012739C6600F01BB5 /* NSStringAdditions.m */,
			);
			name = DDXML;
			sourceTree = "<group>";
		};
		1170EE371271788C00721CF4 /* Controls */ = {
			isa = PBXGroup;
			children = (
				11B1BD5A12822445006D085D /* AbstractControl.h */,
				11B1BD5B12822445006D085D /* AbstractControl.m */,
				11B1BD5C12822445006D085D /* MenuControl.h */,
				11B1BD5D12822445006D085D /* MenuControl.m */,
			);
			name = Controls;
			sourceTree = "<group>";
		};
		1170EE5512724F4900721CF4 /* Game Resources */ = {
			isa = PBXGroup;
			children = (
				B963267912DD392E00FA1BA1 /* Projectiles.plist */,
				114A1A7312989C4B004769D4 /* PlayerShips.plist */,
				119FCF00129B528C00D3256A /* EnemyShips.plist */,
				11336112129E54F300FE6A03 /* BossShips.plist */,
				1169BA8013ABF7B1005FA11F /* Game Levels */,
				11D72CC213557DAF00C6C99A /* Particle Emitters */,
				1170EE5612724F6600721CF4 /* Images */,
				1170EE5712724F6B00721CF4 /* Sounds */,
				1170EE5812724F7100721CF4 /* Fonts */,
			);
			name = "Game Resources";
			path = Classes;
			sourceTree = "<group>";
		};
		1170EE5612724F6600721CF4 /* Images */ = {
			isa = PBXGroup;
			children = (
				1170EE6012724FA700721CF4 /* Retina */,
				1170EE6112724FAC00721CF4 /* Normal */,
			);
			name = Images;
			sourceTree = "<group>";
		};
		1170EE5712724F6B00721CF4 /* Sounds */ = {
			isa = PBXGroup;
			children = (
			);
			name = Sounds;
			sourceTree = "<group>";
		};
		1170EE5812724F7100721CF4 /* Fonts */ = {
			isa = PBXGroup;
			children = (
				11B1BE071283C662006D085D /* xenophobefont.fnt */,
				11B1BE081283C662006D085D /* xenophobefont.png */,
			);
			name = Fonts;
			sourceTree = "<group>";
		};
		1170EE6012724FA700721CF4 /* Retina */ = {
			isa = PBXGroup;
			children = (
			);
			name = Retina;
			sourceTree = "<group>";
		};
		1170EE6112724FAC00721CF4 /* Normal */ = {
			isa = PBXGroup;
			children = (
				11F3274212A0D8D5003CF17B /* Application Resources */,
				11336114129EEE8D00FE6A03 /* Ships */,
			);
			name = Normal;
			sourceTree = "<group>";
		};
		118C4B6512CDA5D50095B3D4 /* PolygonCollisions */ = {
			isa = PBXGroup;
			children = (
				118C4B6812CDA5D50095B3D4 /* Polygon.h */,
				118C4B6912CDA5D50095B3D4 /* Polygon.m */,
				118C4B6612CDA5D50095B3D4 /* Collisions.h */,
				118C4B6712CDA5D50095B3D4 /* Collisions.m */,
			);
			path = PolygonCollisions;
			sourceTree = "<group>";
		};
		11A0968E12B2959C002CC270 /* Physical Entities */ = {
			isa = PBXGroup;
			children = (
				11BE519112B297080043B786 /* GameObject.h */,
				11BE519212B297080043B786 /* GameObject.m */,
				11BE519712B29CD40043B786 /* PhysicalObject.h */,
				11BE519812B29CD40043B786 /* PhysicalObject.m */,
			);
			name = "Physical Entities";
			sourceTree = "<group>";
		};
		11B1BD5812822400006D085D /* Entities */ = {
			isa = PBXGroup;
			children = (
				B97013C612BC3BF0000369D9 /* Projectiles */,
				11A0968E12B2959C002CC270 /* Physical Entities */,
				11B1BD601282247B006D085D /* Ships */,
				1170EE371271788C00721CF4 /* Controls */,
			);
			name = Entities;
			sourceTree = "<group>";
		};
		11B1BD601282247B006D085D /* Ships */ = {
			isa = PBXGroup;
			children = (
				11B1BD7E128275C8006D085D /* AbstractShip.h */,
				11B1BD7F128275C8006D085D /* AbstractShip.m */,
				11B1BD84128275C8006D085D /* PlayerShip.h */,
				11B1BD85128275C8006D085D /* PlayerShip.m */,
				1170E416128A1741000BF968 /* EnemyShip.h */,
				1170E417128A1741000BF968 /* EnemyShip.m */,
				11B1BD80128275C8006D085D /* BossShip.h */,
				11B1BD81128275C8006D085D /* BossShip.m */,
				1130822312D83C96009C9502 /* Bosses */,
				1130822412D83C9E009C9502 /* MiniBosses */,
			);
			name = Ships;
			sourceTree = "<group>";
		};
		11D72CC213557DAF00C6C99A /* Particle Emitters */ = {
			isa = PBXGroup;
			children = (
			);
			name = "Particle Emitters";
			sourceTree = "<group>";
		};
		11E7DCE3129F00B10047E2FD /* MiniBosses */ = {
			isa = PBXGroup;
			children = (
			);
			name = MiniBosses;
			sourceTree = "<group>";
		};
		11E7DCE4129F00C00047E2FD /* Bosses */ = {
			isa = PBXGroup;
			children = (
				11E7DCE7129F00D90047E2FD /* kBossAsiaMainBody.png */,
				11E7DCE8129F00D90047E2FD /* kBossAsiaTurretLeft.png */,
				11E7DCE9129F00D90047E2FD /* kBossAsiaTurretRight.png */,
				11E7DCE5129F00D90047E2FD /* kBossAsiaCannonLeft.png */,
				11E7DCE6129F00D90047E2FD /* kBossAsiaCannonRight.png */,
				11E7DCEA129F00D90047E2FD /* kBossEuropeMainBody.png */,
				11E7DCED129F00D90047E2FD /* kBossEuropeWingLeft.png */,
				11E7DCEE129F00D90047E2FD /* kBossEuropeWingRight.png */,
				11E7DCEB129F00D90047E2FD /* kBossEuropeTailLeft.png */,
				11E7DCEC129F00D90047E2FD /* kBossEuropeTailRight.png */,
			);
			name = Bosses;
			sourceTree = "<group>";
		};
		11F3274212A0D8D5003CF17B /* Application Resources */ = {
			isa = PBXGroup;
			children = (
				11CF774213A96F8D00D9FF4C /* HealthBar.png */,
				11F3274312A0D8D5003CF17B /* about.png */,
				11F3274412A0D8D5003CF17B /* backbutton.png */,
				11F3274512A0D8D5003CF17B /* continue.png */,
				11F3274812A0D8D5003CF17B /* forwardbutton.png */,
				11F3274912A0D8D5003CF17B /* highscores.png */,
				11F3274A12A0D8D5003CF17B /* highscoresbuttonalltime.png */,
				11F3274B12A0D8D5003CF17B /* highscoresbuttonalltimeglow.png */,
				11F3274C12A0D8D5003CF17B /* highscoresbuttontoday.png */,
				11F3274D12A0D8D5003CF17B /* highscoresbuttontodayglow.png */,
				11F3274E12A0D8D5003CF17B /* highscoresbuttonweek.png */,
				11F3274F12A0D8D5003CF17B /* highscoresbuttonweekglow.png */,
				11F3275012A0D8D5003CF17B /* highscorestable.png */,
				11F3275112A0D8D5003CF17B /* leaderboardstitle.png */,
				11F3275212A0D8D5003CF17B /* newgame.png */,
				11F3275312A0D8D5003CF17B /* playership.png */,
				11F3275412A0D8D5003CF17B /* settings.png */,
				11F3275512A0D8D5003CF17B /* texture.png */,
				11F3275612A0D8D5003CF17B /* xenophobe.png */,
			);
			name = "Application Resources";
			path = "Game Resources/Images/Normal/Application Resources";
			sourceTree = SOURCE_ROOT;
		};
		19C28FACFE9D520D11CA2CBB /* Products */ = {
			isa = PBXGroup;
			children = (
				1D6058910D05DD3D006BFB54 /* Xenophobe.app */,
			);
			name = Products;
			sourceTree = "<group>";
		};
		29B97314FDCFA39411CA2CEA /* CustomTemplate */ = {
			isa = PBXGroup;
			children = (
				1170EBE8126ED1B900721CF4 /* Common */,
				1170ECFB12700EBC00721CF4 /* Singleton Managers */,
				1170EBED126ED21C00721CF4 /* Graphics Engine */,
				118C4B6512CDA5D50095B3D4 /* PolygonCollisions */,
				11B1BD5812822400006D085D /* Entities */,
				1170ED2C127010B400721CF4 /* Game Scenes */,
				080E96DDFE201D6D7F000001 /* Classes */,
				1170EE5512724F4900721CF4 /* Game Resources */,
				29B97315FDCFA39411CA2CEA /* Other Sources */,
				29B97317FDCFA39411CA2CEA /* Resources */,
				29B97323FDCFA39411CA2CEA /* Frameworks */,
				19C28FACFE9D520D11CA2CBB /* Products */,
			);
			name = CustomTemplate;
			sourceTree = "<group>";
		};
		29B97315FDCFA39411CA2CEA /* Other Sources */ = {
			isa = PBXGroup;
			children = (
				1170ED691270147B00721CF4 /* DDXML */,
				11B1BC76127D1C83006D085D /* main.m */,
				11B1BD941282763B006D085D /* Xenophobe_Prefix.pch */,
			);
			name = "Other Sources";
			sourceTree = "<group>";
		};
		29B97317FDCFA39411CA2CEA /* Resources */ = {
			isa = PBXGroup;
			children = (
				11B1BC79127D1C86006D085D /* Xenophobe-Info.plist */,
				11B1BC6B127D14E4006D085D /* preferences.sqlite */,
			);
			name = Resources;
			sourceTree = "<group>";
		};
		29B97323FDCFA39411CA2CEA /* Frameworks */ = {
			isa = PBXGroup;
			children = (
				11D72CCC13557E7500C6C99A /* libz.dylib */,
				11D325161273BF7900F01BB5 /* libsqlite3.0.dylib */,
				11F3277912A4BF22003CF17B /* GameKit.framework */,
				1170EC67126FCB7E00721CF4 /* AudioToolbox.framework */,
				1170EC69126FCB7E00721CF4 /* AVFoundation.framework */,
				1170EC6B126FCB7E00721CF4 /* CoreAudio.framework */,
				1170EC6D126FCB7E00721CF4 /* CoreGraphics.framework */,
				1170EC6F126FCB7E00721CF4 /* CoreLocation.framework */,
				1170EC71126FCB7E00721CF4 /* CoreMotion.framework */,
				1170EC73126FCB7E00721CF4 /* OpenAL.framework */,
				28FD15070DC6FC5B0079059D /* QuartzCore.framework */,
				28FD14FF0DC6FC520079059D /* OpenGLES.framework */,
				1DF5F4DF0D08C38300B7A737 /* UIKit.framework */,
				1D30AB110D05D00D00671497 /* Foundation.framework */,
				1170E3AB12865A18000BF968 /* CoreMotion.framework */,
			);
			name = Frameworks;
			sourceTree = "<group>";
		};
		B97013C612BC3BF0000369D9 /* Projectiles */ = {
			isa = PBXGroup;
			children = (
				B97A805412C964AD005FBB61 /* AbstractProjectile.h */,
				B97A805512C964AD005FBB61 /* AbstractProjectile.m */,
			);
			name = Projectiles;
			sourceTree = "<group>";
		};
/* End PBXGroup section */

/* Begin PBXNativeTarget section */
		1D6058900D05DD3D006BFB54 /* Xenophobe */ = {
			isa = PBXNativeTarget;
			buildConfigurationList = 1D6058960D05DD3E006BFB54 /* Build configuration list for PBXNativeTarget "Xenophobe" */;
			buildPhases = (
				1D60588D0D05DD3D006BFB54 /* Resources */,
				1D60588E0D05DD3D006BFB54 /* Sources */,
				1D60588F0D05DD3D006BFB54 /* Frameworks */,
			);
			buildRules = (
			);
			dependencies = (
			);
			name = Xenophobe;
			productName = Xenophobe;
			productReference = 1D6058910D05DD3D006BFB54 /* Xenophobe.app */;
			productType = "com.apple.product-type.application";
		};
/* End PBXNativeTarget section */

/* Begin PBXProject section */
		29B97313FDCFA39411CA2CEA /* Project object */ = {
			isa = PBXProject;
			buildConfigurationList = C01FCF4E08A954540054247B /* Build configuration list for PBXProject "Xenophobe" */;
			compatibilityVersion = "Xcode 3.1";
			developmentRegion = English;
			hasScannedForEncodings = 1;
			knownRegions = (
				English,
				Japanese,
				French,
				German,
			);
			mainGroup = 29B97314FDCFA39411CA2CEA /* CustomTemplate */;
			projectDirPath = "";
			projectRoot = "";
			targets = (
				1D6058900D05DD3D006BFB54 /* Xenophobe */,
			);
		};
/* End PBXProject section */

/* Begin PBXResourcesBuildPhase section */
		1D60588D0D05DD3D006BFB54 /* Resources */ = {
			isa = PBXResourcesBuildPhase;
			buildActionMask = 2147483647;
			files = (
				11B1BC6C127D14E4006D085D /* preferences.sqlite in Resources */,
				11B1BE091283C662006D085D /* xenophobefont.fnt in Resources */,
				11B1BE0A1283C662006D085D /* xenophobefont.png in Resources */,
				114A1A7412989C4B004769D4 /* PlayerShips.plist in Resources */,
				119FCF01129B528C00D3256A /* EnemyShips.plist in Resources */,
				11336113129E54F300FE6A03 /* BossShips.plist in Resources */,
				11E7DCEF129F00D90047E2FD /* kBossAsiaCannonLeft.png in Resources */,
				11E7DCF0129F00D90047E2FD /* kBossAsiaCannonRight.png in Resources */,
				11E7DCF1129F00D90047E2FD /* kBossAsiaMainBody.png in Resources */,
				11E7DCF2129F00D90047E2FD /* kBossAsiaTurretLeft.png in Resources */,
				11E7DCF3129F00D90047E2FD /* kBossAsiaTurretRight.png in Resources */,
				11E7DCF4129F00D90047E2FD /* kBossEuropeMainBody.png in Resources */,
				11E7DCF5129F00D90047E2FD /* kBossEuropeTailLeft.png in Resources */,
				11E7DCF6129F00D90047E2FD /* kBossEuropeTailRight.png in Resources */,
				11E7DCF7129F00D90047E2FD /* kBossEuropeWingLeft.png in Resources */,
				11E7DCF8129F00D90047E2FD /* kBossEuropeWingRight.png in Resources */,
				11F3275712A0D8D5003CF17B /* about.png in Resources */,
				11F3275812A0D8D5003CF17B /* backbutton.png in Resources */,
				11F3275912A0D8D5003CF17B /* continue.png in Resources */,
				11F3275C12A0D8D5003CF17B /* forwardbutton.png in Resources */,
				11F3275D12A0D8D5003CF17B /* highscores.png in Resources */,
				11F3275E12A0D8D5003CF17B /* highscoresbuttonalltime.png in Resources */,
				11F3275F12A0D8D5003CF17B /* highscoresbuttonalltimeglow.png in Resources */,
				11F3276012A0D8D5003CF17B /* highscoresbuttontoday.png in Resources */,
				11F3276112A0D8D5003CF17B /* highscoresbuttontodayglow.png in Resources */,
				11F3276212A0D8D5003CF17B /* highscoresbuttonweek.png in Resources */,
				11F3276312A0D8D5003CF17B /* highscoresbuttonweekglow.png in Resources */,
				11F3276412A0D8D5003CF17B /* highscorestable.png in Resources */,
				11F3276512A0D8D5003CF17B /* leaderboardstitle.png in Resources */,
				11F3276612A0D8D5003CF17B /* newgame.png in Resources */,
				11F3276712A0D8D5003CF17B /* playership.png in Resources */,
				11F3276812A0D8D5003CF17B /* settings.png in Resources */,
				11F3276912A0D8D5003CF17B /* texture.png in Resources */,
				11F3276A12A0D8D5003CF17B /* xenophobe.png in Resources */,
				11DE0F2A12CE6A9500A3F7CA /* devship.png in Resources */,
				1164A6F612D29F7400B21071 /* kEnemyKamikazeeLevelOne.png in Resources */,
				1164A6F712D29F7400B21071 /* kEnemyWaveShotLevelFourSpriteSheet.png in Resources */,
				B963267A12DD392E00FA1BA1 /* Projectiles.plist in Resources */,
				11CF774313A96F8D00D9FF4C /* HealthBar.png in Resources */,
				1169BA8213ABF7F1005FA11F /* Level_One.plist in Resources */,
				1169BA8713ABFFF2005FA11F /* LevelsIndex.plist in Resources */,
			);
			runOnlyForDeploymentPostprocessing = 0;
		};
/* End PBXResourcesBuildPhase section */

/* Begin PBXSourcesBuildPhase section */
		1D60588E0D05DD3D006BFB54 /* Sources */ = {
			isa = PBXSourcesBuildPhase;
			buildActionMask = 2147483647;
			files = (
				1D3623260D0F684500981E51 /* XenophobeAppDelegate.m in Sources */,
				28FD14FE0DC6FC130079059D /* EAGLView.m in Sources */,
				1170ED45127012DD00721CF4 /* XenophobeGameController.m in Sources */,
				11D3246812739BB400F01BB5 /* Animation.m in Sources */,
				11D3246912739BB400F01BB5 /* Frame.m in Sources */,
				11D3246C12739BBF00F01BB5 /* Texture2D.m in Sources */,
				11D3246F12739BCB00F01BB5 /* BezierCurve.m in Sources */,
				11D3247212739BD900F01BB5 /* ParticleEmitter.m in Sources */,
				11D3247912739BED00F01BB5 /* Layer.m in Sources */,
				11D3247A12739BED00F01BB5 /* TiledMap.m in Sources */,
				11D3247B12739BED00F01BB5 /* TileSet.m in Sources */,
				11D3248512739BFC00F01BB5 /* Image.m in Sources */,
				11D3248812739C0900F01BB5 /* SpriteSheet.m in Sources */,
				11D3248D12739C1400F01BB5 /* AngelCodeFont.m in Sources */,
				11D3248E12739C1400F01BB5 /* CharDef.m in Sources */,
				11D324A112739C6600F01BB5 /* DDXMLDocument.m in Sources */,
				11D324A212739C6600F01BB5 /* DDXMLElement.m in Sources */,
				11D324A312739C6600F01BB5 /* DDXMLElementAdditions.m in Sources */,
				11D324A412739C6600F01BB5 /* DDXMLNode.m in Sources */,
				11D324A612739C6600F01BB5 /* NSStringAdditions.m in Sources */,
				11D324C612739CEF00F01BB5 /* Transforms.m in Sources */,
				11D324CB12739D6600F01BB5 /* MyOpenALSupport.c in Sources */,
				11D324CC12739D6600F01BB5 /* SoundManager.m in Sources */,
				11D324D812739D7900F01BB5 /* Director.m in Sources */,
				11D324D912739D7900F01BB5 /* ResourceManager.m in Sources */,
				11D324E812739DBD00F01BB5 /* AbstractScene.m in Sources */,
				11D324E912739DBD00F01BB5 /* MainMenuScene.m in Sources */,
				11B1B8CF1276B53B006D085D /* SettingsScene.m in Sources */,
				11B1BBCA127A64E0006D085D /* HighScoresScene.m in Sources */,
				11B1BBD8127AAB1A006D085D /* PreferencesManager.m in Sources */,
				11B1BC78127D1C83006D085D /* main.m in Sources */,
				11B1BD5E12822445006D085D /* AbstractControl.m in Sources */,
				11B1BD5F12822445006D085D /* MenuControl.m in Sources */,
				11B1BD86128275C8006D085D /* AbstractShip.m in Sources */,
				11B1BD87128275C8006D085D /* BossShip.m in Sources */,
				11B1BD89128275C8006D085D /* PlayerShip.m in Sources */,
				11B1BE0D1283C69C006D085D /* GameScene.m in Sources */,
				1170E418128A1741000BF968 /* EnemyShip.m in Sources */,
				11BE519312B297080043B786 /* GameObject.m in Sources */,
				11BE519912B29CD40043B786 /* PhysicalObject.m in Sources */,
				B97A805612C964AD005FBB61 /* AbstractProjectile.m in Sources */,
				118C4B6A12CDA5D50095B3D4 /* Collisions.m in Sources */,
				118C4B6B12CDA5D50095B3D4 /* Polygon.m in Sources */,
				1130822712D907B1009C9502 /* MiniBossGeneral.m in Sources */,
				1130822A12D907CD009C9502 /* BossShipAsia.m in Sources */,
				1169BA8513ABFBEC005FA11F /* GameLevelScene.m in Sources */,
			);
			runOnlyForDeploymentPostprocessing = 0;
		};
/* End PBXSourcesBuildPhase section */

/* Begin XCBuildConfiguration section */
		1D6058940D05DD3E006BFB54 /* Debug */ = {
			isa = XCBuildConfiguration;
			buildSettings = {
				ALWAYS_SEARCH_USER_PATHS = NO;
				"CODE_SIGN_IDENTITY[sdk=iphoneos*]" = "iPhone Developer: Skarlete Nabavi-Noori (6MW28G95HD)";
				COPY_PHASE_STRIP = NO;
				GCC_DYNAMIC_NO_PIC = NO;
				GCC_OPTIMIZATION_LEVEL = 0;
				GCC_PRECOMPILE_PREFIX_HEADER = YES;
				GCC_PREFIX_HEADER = Xenophobe_Prefix.pch;
				"GCC_THUMB_SUPPORT[arch=armv6]" = "";
				HEADER_SEARCH_PATHS = /usr/include/libxml2;
				INFOPLIST_FILE = "Xenophobe-Info.plist";
				OTHER_LDFLAGS = "-lxml2";
				PRODUCT_NAME = Xenophobe;
				SDKROOT = iphonesimulator4.0;
				USER_HEADER_SEARCH_PATHS = /usr/include/libxml2;
			};
			name = Debug;
		};
		1D6058950D05DD3E006BFB54 /* Release */ = {
			isa = XCBuildConfiguration;
			buildSettings = {
				ALWAYS_SEARCH_USER_PATHS = NO;
				COPY_PHASE_STRIP = YES;
				GCC_PRECOMPILE_PREFIX_HEADER = YES;
				GCC_PREFIX_HEADER = Xenophobe_Prefix.pch;
				"GCC_THUMB_SUPPORT[arch=armv6]" = "";
				HEADER_SEARCH_PATHS = /usr/include/libxml2;
				INFOPLIST_FILE = "Xenophobe-Info.plist";
				OTHER_LDFLAGS = "-lxml2";
				PRODUCT_NAME = Xenophobe;
				SDKROOT = iphonesimulator4.0;
				USER_HEADER_SEARCH_PATHS = /usr/include/libxml2;
				VALIDATE_PRODUCT = YES;
			};
			name = Release;
		};
		C01FCF4F08A954540054247B /* Debug */ = {
			isa = XCBuildConfiguration;
			buildSettings = {
				ARCHS = "$(ARCHS_UNIVERSAL_IPHONE_OS)";
				"CODE_SIGN_IDENTITY[sdk=iphoneos*]" = "iPhone Developer";
				GCC_C_LANGUAGE_STANDARD = c99;
				GCC_PREPROCESSOR_DEFINITIONS = DEBUG;
				GCC_WARN_ABOUT_RETURN_TYPE = YES;
				GCC_WARN_UNUSED_VARIABLE = YES;
				PREBINDING = NO;
				SDKROOT = iphoneos4.2;
			};
			name = Debug;
		};
		C01FCF5008A954540054247B /* Release */ = {
			isa = XCBuildConfiguration;
			buildSettings = {
				ARCHS = "$(ARCHS_UNIVERSAL_IPHONE_OS)";
				"CODE_SIGN_IDENTITY[sdk=iphoneos*]" = "iPhone Developer";
				GCC_C_LANGUAGE_STANDARD = c99;
				GCC_WARN_ABOUT_RETURN_TYPE = YES;
				GCC_WARN_UNUSED_VARIABLE = YES;
				OTHER_CFLAGS = "-DNS_BLOCK_ASSERTIONS=1";
				PREBINDING = NO;
				SDKROOT = iphoneos4.2;
			};
			name = Release;
		};
/* End XCBuildConfiguration section */

/* Begin XCConfigurationList section */
		1D6058960D05DD3E006BFB54 /* Build configuration list for PBXNativeTarget "Xenophobe" */ = {
			isa = XCConfigurationList;
			buildConfigurations = (
				1D6058940D05DD3E006BFB54 /* Debug */,
				1D6058950D05DD3E006BFB54 /* Release */,
			);
			defaultConfigurationIsVisible = 0;
			defaultConfigurationName = Release;
		};
		C01FCF4E08A954540054247B /* Build configuration list for PBXProject "Xenophobe" */ = {
			isa = XCConfigurationList;
			buildConfigurations = (
				C01FCF4F08A954540054247B /* Debug */,
				C01FCF5008A954540054247B /* Release */,
			);
			defaultConfigurationIsVisible = 0;
			defaultConfigurationName = Release;
		};
/* End XCConfigurationList section */
	};
	rootObject = 29B97313FDCFA39411CA2CEA /* Project object */;
}
